
Microsoft Visual Studio Solution File, Format Version 12.00
Project("{FAE04EC0-301F-11D3-BF4B-00C04F79EFBC}") = "FillSpheres", "FillSpheres\FillSpheres.csproj", "{89C5145C-F80B-4C2A-B12F-67AC1C08D380}"
EndProject
Project("{FAE04EC0-301F-11D3-BF4B-00C04F79EFBC}") = "BetterFillSpheres", "BetterFillSpheres\BetterFillSpheres.csproj", "{B908D4A5-2769-42DD-AE0B-EBF4CE636603}"
EndProject
Global
	GlobalSection(SolutionConfigurationPlatforms) = preSolution
		Debug|Any CPU = Debug|Any CPU
		Release|Any CPU = Release|Any CPU
	EndGlobalSection
	GlobalSection(ProjectConfigurationPlatforms) = postSolution
		{89C5145C-F80B-4C2A-B12F-67AC1C08D380}.Debug|Any CPU.ActiveCfg = Debug|Any CPU
		{89C5145C-F80B-4C2A-B12F-67AC1C08D380}.Debug|Any CPU.Build.0 = Debug|Any CPU
		{89C5145C-F80B-4C2A-B12F-67AC1C08D380}.Release|Any CPU.ActiveCfg = Release|Any CPU
		{89C5145C-F80B-4C2A-B12F-67AC1C08D380}.Release|Any CPU.Build.0 = Release|Any CPU
		{B908D4A5-2769-42DD-AE0B-EBF4CE636603}.Debug|Any CPU.ActiveCfg = Debug|Any CPU
		{B908D4A5-2769-42DD-AE0B-EBF4CE636603}.Debug|Any CPU.Build.0 = Debug|Any CPU
		{B908D4A5-2769-42DD-AE0B-EBF4CE636603}.Release|Any CPU.ActiveCfg = Release|Any CPU
		{B908D4A5-2769-42DD-AE0B-EBF4CE636603}.Release|Any CPU.Build.0 = Release|Any CPU
	EndGlobalSection
EndGlobal
